
Microsoft Visual Studio Solution File, Format Version 12.00
# Visual Studio Express 2012 for Windows Desktop
Project("{FAE04EC0-301F-11D3-BF4B-00C04F79EFBC}") = "Equacao2Grau", "Equacao2Grau\Equacao2Grau.csproj", "{3A9CF0DF-48E3-4885-B86F-A089A197DB01}"
EndProject
Global
	GlobalSection(SolutionConfigurationPlatforms) = preSolution
		Debug|Any CPU = Debug|Any CPU
		Release|Any CPU = Release|Any CPU
	EndGlobalSection
	GlobalSection(ProjectConfigurationPlatforms) = postSolution
		{3A9CF0DF-48E3-4885-B86F-A089A197DB01}.Debug|Any CPU.ActiveCfg = Debug|Any CPU
		{3A9CF0DF-48E3-4885-B86F-A089A197DB01}.Debug|Any CPU.Build.0 = Debug|Any CPU
		{3A9CF0DF-48E3-4885-B86F-A089A197DB01}.Release|Any CPU.ActiveCfg = Release|Any CPU
		{3A9CF0DF-48E3-4885-B86F-A089A197DB01}.Release|Any CPU.Build.0 = Release|Any CPU
	EndGlobalSection
	GlobalSection(SolutionProperties) = preSolution
		HideSolutionNode = FALSE
	EndGlobalSection
EndGlobal
